
Microsoft Visual Studio Solution File, Format Version 12.00
# Visual Studio Version 17
VisualStudioVersion = 17.5.002.0
MinimumVisualStudioVersion = 10.0.40219.1
Project("{9A19103F-16F7-4668-BE54-9A1E7A4F7556}") = "drinks-info", "drinks-info\drinks-info.csproj", "{80646DC1-E4C9-4500-8F60-BE37DCF6884E}"
EndProject
Global
	GlobalSection(SolutionConfigurationPlatforms) = preSolution
		Debug|Any CPU = Debug|Any CPU
		Release|Any CPU = Release|Any CPU
	EndGlobalSection
	GlobalSection(ProjectConfigurationPlatforms) = postSolution
		{80646DC1-E4C9-4500-8F60-BE37DCF6884E}.Debug|Any CPU.ActiveCfg = Debug|Any CPU
		{80646DC1-E4C9-4500-8F60-BE37DCF6884E}.Debug|Any CPU.Build.0 = Debug|Any CPU
		{80646DC1-E4C9-4500-8F60-BE37DCF6884E}.Release|Any CPU.ActiveCfg = Release|Any CPU
		{80646DC1-E4C9-4500-8F60-BE37DCF6884E}.Release|Any CPU.Build.0 = Release|Any CPU
	EndGlobalSection
	GlobalSection(SolutionProperties) = preSolution
		HideSolutionNode = FALSE
	EndGlobalSection
	GlobalSection(ExtensibilityGlobals) = postSolution
		SolutionGuid = {DE6D82F8-551C-4ED0-BA7B-B1C65C836162}
	EndGlobalSection
EndGlobal
